
Microsoft Visual Studio Solution File, Format Version 12.00
# Visual Studio Version 16
VisualStudioVersion = 16.0.31424.327
MinimumVisualStudioVersion = 10.0.40219.1
Project("{FAE04EC0-301F-11D3-BF4B-00C04F79EFBC}") = "Pokedex", "Pokedex\Pokedex.csproj", "{7803574C-7EAF-42EA-A197-BDF4104F9193}"
EndProject
Project("{FAE04EC0-301F-11D3-BF4B-00C04F79EFBC}") = "DAL", "DAL\DAL.csproj", "{7EBE47D2-391C-403D-A1E6-4BF101E58A6B}"
EndProject
Project("{FAE04EC0-301F-11D3-BF4B-00C04F79EFBC}") = "BLL", "BLL\BLL.csproj", "{6981A416-56C5-40CE-982E-BD325D4FFBC4}"
EndProject
Global
	GlobalSection(SolutionConfigurationPlatforms) = preSolution
		Debug|Any CPU = Debug|Any CPU
		Release|Any CPU = Release|Any CPU
	EndGlobalSection
	GlobalSection(ProjectConfigurationPlatforms) = postSolution
		{7803574C-7EAF-42EA-A197-BDF4104F9193}.Debug|Any CPU.ActiveCfg = Debug|Any CPU
		{7803574C-7EAF-42EA-A197-BDF4104F9193}.Debug|Any CPU.Build.0 = Debug|Any CPU
		{7803574C-7EAF-42EA-A197-BDF4104F9193}.Release|Any CPU.ActiveCfg = Release|Any CPU
		{7803574C-7EAF-42EA-A197-BDF4104F9193}.Release|Any CPU.Build.0 = Release|Any CPU
		{7EBE47D2-391C-403D-A1E6-4BF101E58A6B}.Debug|Any CPU.ActiveCfg = Debug|Any CPU
		{7EBE47D2-391C-403D-A1E6-4BF101E58A6B}.Debug|Any CPU.Build.0 = Debug|Any CPU
		{7EBE47D2-391C-403D-A1E6-4BF101E58A6B}.Release|Any CPU.ActiveCfg = Release|Any CPU
		{7EBE47D2-391C-403D-A1E6-4BF101E58A6B}.Release|Any CPU.Build.0 = Release|Any CPU
		{6981A416-56C5-40CE-982E-BD325D4FFBC4}.Debug|Any CPU.ActiveCfg = Debug|Any CPU
		{6981A416-56C5-40CE-982E-BD325D4FFBC4}.Debug|Any CPU.Build.0 = Debug|Any CPU
		{6981A416-56C5-40CE-982E-BD325D4FFBC4}.Release|Any CPU.ActiveCfg = Release|Any CPU
		{6981A416-56C5-40CE-982E-BD325D4FFBC4}.Release|Any CPU.Build.0 = Release|Any CPU
	EndGlobalSection
	GlobalSection(SolutionProperties) = preSolution
		HideSolutionNode = FALSE
	EndGlobalSection
	GlobalSection(ExtensibilityGlobals) = postSolution
		SolutionGuid = {DF2B7F6C-9EC7-4028-B604-14185A7E4714}
	EndGlobalSection
EndGlobal
